// !$*UTF8*$!
{
	archiveVersion = 1;
	classes = {
	};
	objectVersion = 46;
	objects = {

/* Begin PBXBuildFile section */
		2E52A3A91A374AEA006DBA80 /* AppDelegate.swift in Sources */ = {isa = PBXBuildFile; fileRef = 2E52A3A81A374AEA006DBA80 /* AppDelegate.swift */; };
		2E52A3AB1A374AEA006DBA80 /* ViewController.swift in Sources */ = {isa = PBXBuildFile; fileRef = 2E52A3AA1A374AEA006DBA80 /* ViewController.swift */; };
		2E52A3AE1A374AEA006DBA80 /* Main.storyboard in Resources */ = {isa = PBXBuildFile; fileRef = 2E52A3AC1A374AEA006DBA80 /* Main.storyboard */; };
		2E52A3B01A374AEA006DBA80 /* Images.xcassets in Resources */ = {isa = PBXBuildFile; fileRef = 2E52A3AF1A374AEA006DBA80 /* Images.xcassets */; };
		2E52A3B31A374AEA006DBA80 /* LaunchScreen.xib in Resources */ = {isa = PBXBuildFile; fileRef = 2E52A3B11A374AEA006DBA80 /* LaunchScreen.xib */; };
		2E52A3BF1A374AEA006DBA80 /* GeneticImageTests.swift in Sources */ = {isa = PBXBuildFile; fileRef = 2E52A3BE1A374AEA006DBA80 /* GeneticImageTests.swift */; };
/* End PBXBuildFile section */

/* Begin PBXContainerItemProxy section */
		2E52A3B91A374AEA006DBA80 /* PBXContainerItemProxy */ = {
			isa = PBXContainerItemProxy;
			containerPortal = 2E52A39B1A374AEA006DBA80 /* Project object */;
			proxyType = 1;
			remoteGlobalIDString = 2E52A3A21A374AEA006DBA80;
			remoteInfo = GeneticImage;
		};
/* End PBXContainerItemProxy section */

/* Begin PBXFileReference section */
		2E52A3A31A374AEA006DBA80 /* GeneticImage.app */ = {isa = PBXFileReference; explicitFileType = wrapper.application; includeInIndex = 0; path = GeneticImage.app; sourceTree = BUILT_PRODUCTS_DIR; };
		2E52A3A71A374AEA006DBA80 /* Info.plist */ = {isa = PBXFileReference; lastKnownFileType = text.plist.xml; path = Info.plist; sourceTree = "<group>"; };
		2E52A3A81A374AEA006DBA80 /* AppDelegate.swift */ = {isa = PBXFileReference; lastKnownFileType = sourcecode.swift; path = AppDelegate.swift; sourceTree = "<group>"; };
		2E52A3AA1A374AEA006DBA80 /* ViewController.swift */ = {isa = PBXFileReference; lastKnownFileType = sourcecode.swift; path = ViewController.swift; sourceTree = "<group>"; };
		2E52A3AD1A374AEA006DBA80 /* Base */ = {isa = PBXFileReference; lastKnownFileType = file.storyboard; name = Base; path = Base.lproj/Main.storyboard; sourceTree = "<group>"; };
		2E52A3AF1A374AEA006DBA80 /* Images.xcassets */ = {isa = PBXFileReference; lastKnownFileType = folder.assetcatalog; path = Images.xcassets; sourceTree = "<group>"; };
		2E52A3B21A374AEA006DBA80 /* Base */ = {isa = PBXFileReference; lastKnownFileType = file.xib; name = Base; path = Base.lproj/LaunchScreen.xib; sourceTree = "<group>"; };
		2E52A3B81A374AEA006DBA80 /* GeneticImageTests.xctest */ = {isa = PBXFileReference; explicitFileType = wrapper.cfbundle; includeInIndex = 0; path = GeneticImageTests.xctest; sourceTree = BUILT_PRODUCTS_DIR; };
		2E52A3BD1A374AEA006DBA80 /* Info.plist */ = {isa = PBXFileReference; lastKnownFileType = text.plist.xml; path = Info.plist; sourceTree = "<group>"; };
		2E52A3BE1A374AEA006DBA80 /* GeneticImageTests.swift */ = {isa = PBXFileReference; lastKnownFileType = sourcecode.swift; path = GeneticImageTests.swift; sourceTree = "<group>"; };
/* End PBXFileReference section */

/* Begin PBXFrameworksBuildPhase section */
		2E52A3A01A374AEA006DBA80 /* Frameworks */ = {
			isa = PBXFrameworksBuildPhase;
			buildActionMask = 2147483647;
			files = (
			);
			runOnlyForDeploymentPostprocessing = 0;
		};
		2E52A3B51A374AEA006DBA80 /* Frameworks */ = {
			isa = PBXFrameworksBuildPhase;
			buildActionMask = 2147483647;
			files = (
			);
			runOnlyForDeploymentPostprocessing = 0;
		};
/* End PBXFrameworksBuildPhase section */

/* Begin PBXGroup section */
		2E52A39A1A374AEA006DBA80 = {
			isa = PBXGroup;
			children = (
				2E52A3A51A374AEA006DBA80 /* GeneticImage */,
				2E52A3BB1A374AEA006DBA80 /* GeneticImageTests */,
				2E52A3A41A374AEA006DBA80 /* Products */,
			);
			sourceTree = "<group>";
		};
		2E52A3A41A374AEA006DBA80 /* Products */ = {
			isa = PBXGroup;
			children = (
				2E52A3A31A374AEA006DBA80 /* GeneticImage.app */,
				2E52A3B81A374AEA006DBA80 /* GeneticImageTests.xctest */,
			);
			name = Products;
			sourceTree = "<group>";
		};
		2E52A3A51A374AEA006DBA80 /* GeneticImage */ = {
			isa = PBXGroup;
			children = (
				2E52A3A81A374AEA006DBA80 /* AppDelegate.swift */,
				2E52A3AA1A374AEA006DBA80 /* ViewController.swift */,
				2E52A3AC1A374AEA006DBA80 /* Main.storyboard */,
				2E52A3AF1A374AEA006DBA80 /* Images.xcassets */,
				2E52A3B11A374AEA006DBA80 /* LaunchScreen.xib */,
				2E52A3A61A374AEA006DBA80 /* Supporting Files */,
			);
			path = GeneticImage;
			sourceTree = "<group>";
		};
		2E52A3A61A374AEA006DBA80 /* Supporting Files */ = {
			isa = PBXGroup;
			children = (
				2E52A3A71A374AEA006DBA80 /* Info.plist */,
			);
			name = "Supporting Files";
			sourceTree = "<group>";
		};
		2E52A3BB1A374AEA006DBA80 /* GeneticImageTests */ = {
			isa = PBXGroup;
			children = (
				2E52A3BE1A374AEA006DBA80 /* GeneticImageTests.swift */,
				2E52A3BC1A374AEA006DBA80 /* Supporting Files */,
			);
			path = GeneticImageTests;
			sourceTree = "<group>";
		};
		2E52A3BC1A374AEA006DBA80 /* Supporting Files */ = {
			isa = PBXGroup;
			children = (
				2E52A3BD1A374AEA006DBA80 /* Info.plist */,
			);
			name = "Supporting Files";
			sourceTree = "<group>";
		};
/* End PBXGroup section */

/* Begin PBXNativeTarget section */
		2E52A3A21A374AEA006DBA80 /* GeneticImage */ = {
			isa = PBXNativeTarget;
			buildConfigurationList = 2E52A3C21A374AEA006DBA80 /* Build configuration list for PBXNativeTarget "GeneticImage" */;
			buildPhases = (
				2E52A39F1A374AEA006DBA80 /* Sources */,
				2E52A3A01A374AEA006DBA80 /* Frameworks */,
				2E52A3A11A374AEA006DBA80 /* Resources */,
			);
			buildRules = (
			);
			dependencies = (
			);
			name = GeneticImage;
			productName = GeneticImage;
			productReference = 2E52A3A31A374AEA006DBA80 /* GeneticImage.app */;
			productType = "com.apple.product-type.application";
		};
		2E52A3B71A374AEA006DBA80 /* GeneticImageTests */ = {
			isa = PBXNativeTarget;
			buildConfigurationList = 2E52A3C51A374AEA006DBA80 /* Build configuration list for PBXNativeTarget "GeneticImageTests" */;
			buildPhases = (
				2E52A3B41A374AEA006DBA80 /* Sources */,
				2E52A3B51A374AEA006DBA80 /* Frameworks */,
				2E52A3B61A374AEA006DBA80 /* Resources */,
			);
			buildRules = (
			);
			dependencies = (
				2E52A3BA1A374AEA006DBA80 /* PBXTargetDependency */,
			);
			name = GeneticImageTests;
			productName = GeneticImageTests;
			productReference = 2E52A3B81A374AEA006DBA80 /* GeneticImageTests.xctest */;
			productType = "com.apple.product-type.bundle.unit-test";
		};
/* End PBXNativeTarget section */

/* Begin PBXProject section */
		2E52A39B1A374AEA006DBA80 /* Project object */ = {
			isa = PBXProject;
			attributes = {
				LastUpgradeCheck = 0610;
				ORGANIZATIONNAME = Home;
				TargetAttributes = {
					2E52A3A21A374AEA006DBA80 = {
						CreatedOnToolsVersion = 6.1;
					};
					2E52A3B71A374AEA006DBA80 = {
						CreatedOnToolsVersion = 6.1;
						TestTargetID = 2E52A3A21A374AEA006DBA80;
					};
				};
			};
			buildConfigurationList = 2E52A39E1A374AEA006DBA80 /* Build configuration list for PBXProject "GeneticImage" */;
			compatibilityVersion = "Xcode 3.2";
			developmentRegion = English;
			hasScannedForEncodings = 0;
			knownRegions = (
				en,
				Base,
			);
			mainGroup = 2E52A39A1A374AEA006DBA80;
			productRefGroup = 2E52A3A41A374AEA006DBA80 /* Products */;
			projectDirPath = "";
			projectRoot = "";
			targets = (
				2E52A3A21A374AEA006DBA80 /* GeneticImage */,
				2E52A3B71A374AEA006DBA80 /* GeneticImageTests */,
			);
		};
/* End PBXProject section */

/* Begin PBXResourcesBuildPhase section */
		2E52A3A11A374AEA006DBA80 /* Resources */ = {
			isa = PBXResourcesBuildPhase;
			buildActionMask = 2147483647;
			files = (
				2E52A3AE1A374AEA006DBA80 /* Main.storyboard in Resources */,
				2E52A3B31A374AEA006DBA80 /* LaunchScreen.xib in Resources */,
				2E52A3B01A374AEA006DBA80 /* Images.xcassets in Resources */,
			);
			runOnlyForDeploymentPostprocessing = 0;
		};
		2E52A3B61A374AEA006DBA80 /* Resources */ = {
			isa = PBXResourcesBuildPhase;
			buildActionMask = 2147483647;
			files = (
			);
			runOnlyForDeploymentPostprocessing = 0;
		};
/* End PBXResourcesBuildPhase section */

/* Begin PBXSourcesBuildPhase section */
		2E52A39F1A374AEA006DBA80 /* Sources */ = {
			isa = PBXSourcesBuildPhase;
			buildActionMask = 2147483647;
			files = (
				2E52A3AB1A374AEA006DBA80 /* ViewController.swift in Sources */,
				2E52A3A91A374AEA006DBA80 /* AppDelegate.swift in Sources */,
			);
			runOnlyForDeploymentPostprocessing = 0;
		};
		2E52A3B41A374AEA006DBA80 /* Sources */ = {
			isa = PBXSourcesBuildPhase;
			buildActionMask = 2147483647;
			files = (
				2E52A3BF1A374AEA006DBA80 /* GeneticImageTests.swift in Sources */,
			);
			runOnlyForDeploymentPostprocessing = 0;
		};
/* End PBXSourcesBuildPhase section */

/* Begin PBXTargetDependency section */
		2E52A3BA1A374AEA006DBA80 /* PBXTargetDependency */ = {
			isa = PBXTargetDependency;
			target = 2E52A3A21A374AEA006DBA80 /* GeneticImage */;
			targetProxy = 2E52A3B91A374AEA006DBA80 /* PBXContainerItemProxy */;
		};
/* End PBXTargetDependency section */

/* Begin PBXVariantGroup section */
		2E52A3AC1A374AEA006DBA80 /* Main.storyboard */ = {
			isa = PBXVariantGroup;
			children = (
				2E52A3AD1A374AEA006DBA80 /* Base */,
			);
			name = Main.storyboard;
			sourceTree = "<group>";
		};
		2E52A3B11A374AEA006DBA80 /* LaunchScreen.xib */ = {
			isa = PBXVariantGroup;
			children = (
				2E52A3B21A374AEA006DBA80 /* Base */,
			);
			name = LaunchScreen.xib;
			sourceTree = "<group>";
		};
/* End PBXVariantGroup section */

/* Begin XCBuildConfiguration section */
		2E52A3C01A374AEA006DBA80 /* Debug */ = {
			isa = XCBuildConfiguration;
			buildSettings = {
				ALWAYS_SEARCH_USER_PATHS = NO;
				CLANG_CXX_LANGUAGE_STANDARD = "gnu++0x";
				CLANG_CXX_LIBRARY = "libc++";
				CLANG_ENABLE_MODULES = YES;
				CLANG_ENABLE_OBJC_ARC = YES;
				CLANG_WARN_BOOL_CONVERSION = YES;
				CLANG_WARN_CONSTANT_CONVERSION = YES;
				CLANG_WARN_DIRECT_OBJC_ISA_USAGE = YES_ERROR;
				CLANG_WARN_EMPTY_BODY = YES;
				CLANG_WARN_ENUM_CONVERSION = YES;
				CLANG_WARN_INT_CONVERSION = YES;
				CLANG_WARN_OBJC_ROOT_CLASS = YES_ERROR;
				CLANG_WARN_UNREACHABLE_CODE = YES;
				CLANG_WARN__DUPLICATE_METHOD_MATCH = YES;
				"CODE_SIGN_IDENTITY[sdk=iphoneos*]" = "iPhone Developer";
				COPY_PHASE_STRIP = NO;
				ENABLE_STRICT_OBJC_MSGSEND = YES;
				GCC_C_LANGUAGE_STANDARD = gnu99;
				GCC_DYNAMIC_NO_PIC = NO;
				GCC_OPTIMIZATION_LEVEL = 0;
				GCC_PREPROCESSOR_DEFINITIONS = (
					"DEBUG=1",
					"$(inherited)",
				);
				GCC_SYMBOLS_PRIVATE_EXTERN = NO;
				GCC_WARN_64_TO_32_BIT_CONVERSION = YES;
				GCC_WARN_ABOUT_RETURN_TYPE = YES_ERROR;
				GCC_WARN_UNDECLARED_SELECTOR = YES;
				GCC_WARN_UNINITIALIZED_AUTOS = YES_AGGRESSIVE;
				GCC_WARN_UNUSED_FUNCTION = YES;
				GCC_WARN_UNUSED_VARIABLE = YES;
				IPHONEOS_DEPLOYMENT_TARGET = 8.1;
				MTL_ENABLE_DEBUG_INFO = YES;
				ONLY_ACTIVE_ARCH = YES;
				SDKROOT = iphoneos;
				SWIFT_OPTIMIZATION_LEVEL = "-Onone";
				TARGETED_DEVICE_FAMILY = "1,2";
			};
			name = Debug;
		};
		2E52A3C11A374AEA006DBA80 /* Release */ = {
			isa = XCBuildConfiguration;
			buildSettings = {
				ALWAYS_SEARCH_USER_PATHS = NO;
				CLANG_CXX_LANGUAGE_STANDARD = "gnu++0x";
				CLANG_CXX_LIBRARY = "libc++";
				CLANG_ENABLE_MODULES = YES;
				CLANG_ENABLE_OBJC_ARC = YES;
				CLANG_WARN_BOOL_CONVERSION = YES;
				CLANG_WARN_CONSTANT_CONVERSION = YES;
				CLANG_WARN_DIRECT_OBJC_ISA_USAGE = YES_ERROR;
				CLANG_WARN_EMPTY_BODY = YES;
				CLANG_WARN_ENUM_CONVERSION = YES;
				CLANG_WARN_INT_CONVERSION = YES;
				CLANG_WARN_OBJC_ROOT_CLASS = YES_ERROR;
				CLANG_WARN_UNREACHABLE_CODE = YES;
				CLANG_WARN__DUPLICATE_METHOD_MATCH = YES;
				"CODE_SIGN_IDENTITY[sdk=iphoneos*]" = "iPhone Developer";
				COPY_PHASE_STRIP = YES;
				ENABLE_NS_ASSERTIONS = NO;
				ENABLE_STRICT_OBJC_MSGSEND = YES;
				GCC_C_LANGUAGE_STANDARD = gnu99;
				GCC_WARN_64_TO_32_BIT_CONVERSION = YES;
				GCC_WARN_ABOUT_RETURN_TYPE = YES_ERROR;
				GCC_WARN_UNDECLARED_SELECTOR = YES;
				GCC_WARN_UNINITIALIZED_AUTOS = YES_AGGRESSIVE;
				GCC_WARN_UNUSED_FUNCTION = YES;
				GCC_WARN_UNUSED_VARIABLE = YES;
				IPHONEOS_DEPLOYMENT_TARGET = 8.1;
				MTL_ENABLE_DEBUG_INFO = NO;
				SDKROOT = iphoneos;
				TARGETED_DEVICE_FAMILY = "1,2";
				VALIDATE_PRODUCT = YES;
			};
			name = Release;
		};
		2E52A3C31A374AEA006DBA80 /* Debug */ = {
			isa = XCBuildConfiguration;
			buildSettings = {
				ASSETCATALOG_COMPILER_APPICON_NAME = AppIcon;
				INFOPLIST_FILE = GeneticImage/Info.plist;
				LD_RUNPATH_SEARCH_PATHS = "$(inherited) @executable_path/Frameworks";
				PRODUCT_NAME = "$(TARGET_NAME)";
			};
			name = Debug;
		};
		2E52A3C41A374AEA006DBA80 /* Release */ = {
			isa = XCBuildConfiguration;
			buildSettings = {
				ASSETCATALOG_COMPILER_APPICON_NAME = AppIcon;
				INFOPLIST_FILE = GeneticImage/Info.plist;
				LD_RUNPATH_SEARCH_PATHS = "$(inherited) @executable_path/Frameworks";
				PRODUCT_NAME = "$(TARGET_NAME)";
			};
			name = Release;
		};
		2E52A3C61A374AEA006DBA80 /* Debug */ = {
			isa = XCBuildConfiguration;
			buildSettings = {
				BUNDLE_LOADER = "$(TEST_HOST)";
				FRAMEWORK_SEARCH_PATHS = (
					"$(SDKROOT)/Developer/Library/Frameworks",
					"$(inherited)",
				);
				GCC_PREPROCESSOR_DEFINITIONS = (
					"DEBUG=1",
					"$(inherited)",
				);
				INFOPLIST_FILE = GeneticImageTests/Info.plist;
				LD_RUNPATH_SEARCH_PATHS = "$(inherited) @executable_path/Frameworks @loader_path/Frameworks";
				PRODUCT_NAME = "$(TARGET_NAME)";
				TEST_HOST = "$(BUILT_PRODUCTS_DIR)/GeneticImage.app/GeneticImage";
			};
			name = Debug;
		};
		2E52A3C71A374AEA006DBA80 /* Release */ = {
			isa = XCBuildConfiguration;
			buildSettings = {
				BUNDLE_LOADER = "$(TEST_HOST)";
				FRAMEWORK_SEARCH_PATHS = (
					"$(SDKROOT)/Developer/Library/Frameworks",
					"$(inherited)",
				);
				INFOPLIST_FILE = GeneticImageTests/Info.plist;
				LD_RUNPATH_SEARCH_PATHS = "$(inherited) @executable_path/Frameworks @loader_path/Frameworks";
				PRODUCT_NAME = "$(TARGET_NAME)";
				TEST_HOST = "$(BUILT_PRODUCTS_DIR)/GeneticImage.app/GeneticImage";
			};
			name = Release;
		};
/* End XCBuildConfiguration section */

/* Begin XCConfigurationList section */
		2E52A39E1A374AEA006DBA80 /* Build configuration list for PBXProject "GeneticImage" */ = {
			isa = XCConfigurationList;
			buildConfigurations = (
				2E52A3C01A374AEA006DBA80 /* Debug */,
				2E52A3C11A374AEA006DBA80 /* Release */,
			);
			defaultConfigurationIsVisible = 0;
			defaultConfigurationName = Release;
		};
		2E52A3C21A374AEA006DBA80 /* Build configuration list for PBXNativeTarget "GeneticImage" */ = {
			isa = XCConfigurationList;
			buildConfigurations = (
				2E52A3C31A374AEA006DBA80 /* Debug */,
				2E52A3C41A374AEA006DBA80 /* Release */,
			);
			defaultConfigurationIsVisible = 0;
		};
		2E52A3C51A374AEA006DBA80 /* Build configuration list for PBXNativeTarget "GeneticImageTests" */ = {
			isa = XCConfigurationList;
			buildConfigurations = (
				2E52A3C61A374AEA006DBA80 /* Debug */,
				2E52A3C71A374AEA006DBA80 /* Release */,
			);
			defaultConfigurationIsVisible = 0;
		};
/* End XCConfigurationList section */
	};
	rootObject = 2E52A39B1A374AEA006DBA80 /* Project object */;
}
